
Microsoft Visual Studio Solution File, Format Version 12.00
# Visual Studio Version 17
VisualStudioVersion = 17.13.35818.85 d17.13
MinimumVisualStudioVersion = 10.0.40219.1
Project("{FAE04EC0-301F-11D3-BF4B-00C04F79EFBC}") = "PersonelMasrafTakipApp", "PersonelMasrafTakipApp\PersonelMasrafTakipApp.csproj", "{4D6E7D06-C319-4697-BCF3-E2847529711E}"
EndProject
Project("{FAE04EC0-301F-11D3-BF4B-00C04F79EFBC}") = "MasrafTakip.Base", "MasrafTakip.Base\MasrafTakip.Base.csproj", "{BBA02CB3-312D-4D29-A513-88BD05395C07}"
EndProject
Project("{FAE04EC0-301F-11D3-BF4B-00C04F79EFBC}") = "MasrafTakip.Schema", "MasrafTakip.Schema\MasrafTakip.Schema.csproj", "{D43488A1-936F-43E5-93D8-0CFC12309381}"
EndProject
Global
	GlobalSection(SolutionConfigurationPlatforms) = preSolution
		Debug|Any CPU = Debug|Any CPU
		Release|Any CPU = Release|Any CPU
	EndGlobalSection
	GlobalSection(ProjectConfigurationPlatforms) = postSolution
		{4D6E7D06-C319-4697-BCF3-E2847529711E}.Debug|Any CPU.ActiveCfg = Debug|Any CPU
		{4D6E7D06-C319-4697-BCF3-E2847529711E}.Debug|Any CPU.Build.0 = Debug|Any CPU
		{4D6E7D06-C319-4697-BCF3-E2847529711E}.Release|Any CPU.ActiveCfg = Release|Any CPU
		{4D6E7D06-C319-4697-BCF3-E2847529711E}.Release|Any CPU.Build.0 = Release|Any CPU
		{BBA02CB3-312D-4D29-A513-88BD05395C07}.Debug|Any CPU.ActiveCfg = Debug|Any CPU
		{BBA02CB3-312D-4D29-A513-88BD05395C07}.Debug|Any CPU.Build.0 = Debug|Any CPU
		{BBA02CB3-312D-4D29-A513-88BD05395C07}.Release|Any CPU.ActiveCfg = Release|Any CPU
		{BBA02CB3-312D-4D29-A513-88BD05395C07}.Release|Any CPU.Build.0 = Release|Any CPU
		{D43488A1-936F-43E5-93D8-0CFC12309381}.Debug|Any CPU.ActiveCfg = Debug|Any CPU
		{D43488A1-936F-43E5-93D8-0CFC12309381}.Debug|Any CPU.Build.0 = Debug|Any CPU
		{D43488A1-936F-43E5-93D8-0CFC12309381}.Release|Any CPU.ActiveCfg = Release|Any CPU
		{D43488A1-936F-43E5-93D8-0CFC12309381}.Release|Any CPU.Build.0 = Release|Any CPU
	EndGlobalSection
	GlobalSection(SolutionProperties) = preSolution
		HideSolutionNode = FALSE
	EndGlobalSection
	GlobalSection(ExtensibilityGlobals) = postSolution
		SolutionGuid = {AB7A5266-2C71-4C13-95F5-7E1DB0C7360E}
	EndGlobalSection
EndGlobal
